
Microsoft Visual Studio Solution File, Format Version 12.00
# Visual Studio Version 17
VisualStudioVersion = 17.14.36127.28 d17.14
MinimumVisualStudioVersion = 10.0.40219.1
Project("{FAE04EC0-301F-11D3-BF4B-00C04F79EFBC}") = "LoginAPI", "LoginAPI.csproj", "{5C4DDC3A-3383-4E81-9538-EEDE98F3D87F}"
EndProject
Global
	GlobalSection(SolutionConfigurationPlatforms) = preSolution
		Debug|Any CPU = Debug|Any CPU
		Release|Any CPU = Release|Any CPU
	EndGlobalSection
	GlobalSection(ProjectConfigurationPlatforms) = postSolution
		{5C4DDC3A-3383-4E81-9538-EEDE98F3D87F}.Debug|Any CPU.ActiveCfg = Debug|Any CPU
		{5C4DDC3A-3383-4E81-9538-EEDE98F3D87F}.Debug|Any CPU.Build.0 = Debug|Any CPU
		{5C4DDC3A-3383-4E81-9538-EEDE98F3D87F}.Release|Any CPU.ActiveCfg = Release|Any CPU
		{5C4DDC3A-3383-4E81-9538-EEDE98F3D87F}.Release|Any CPU.Build.0 = Release|Any CPU
	EndGlobalSection
	GlobalSection(SolutionProperties) = preSolution
		HideSolutionNode = FALSE
	EndGlobalSection
	GlobalSection(ExtensibilityGlobals) = postSolution
		SolutionGuid = {362893C4-2F7E-410F-A461-512993E7E38E}
	EndGlobalSection
EndGlobal
